
Microsoft Visual Studio Solution File, Format Version 12.00
# Visual Studio 15
VisualStudioVersion = 15.0.28010.2046
MinimumVisualStudioVersion = 10.0.40219.1
Project("{FAE04EC0-301F-11D3-BF4B-00C04F79EFBC}") = "ClienteMVC", "ClienteMVC\ClienteMVC.csproj", "{1880F79C-45FB-4FF1-B6EA-7F8AE9298398}"
EndProject
Project("{2150E333-8FDC-42A3-9474-1A3956D46DE8}") = "1. Presentacion", "1. Presentacion", "{6B18B8CB-0D87-40F1-B66D-006C1B1CD293}"
EndProject
Project("{2150E333-8FDC-42A3-9474-1A3956D46DE8}") = "2. Aplicacion", "2. Aplicacion", "{3D046F8D-EFD9-4E23-9233-A2DD45FBFEDC}"
EndProject
Project("{2150E333-8FDC-42A3-9474-1A3956D46DE8}") = "3. Dominio", "3. Dominio", "{C1913D24-67D3-4795-8ACD-144B1FDD975A}"
EndProject
Project("{2150E333-8FDC-42A3-9474-1A3956D46DE8}") = "4. Infraestructura", "4. Infraestructura", "{AD013DDF-52CE-47FF-8C48-145416E92EE1}"
EndProject
Project("{2150E333-8FDC-42A3-9474-1A3956D46DE8}") = "4.1 Datos", "4.1 Datos", "{AFC7FF9C-B474-4BE0-BA3B-C958C29EDAFA}"
EndProject
Project("{2150E333-8FDC-42A3-9474-1A3956D46DE8}") = "4.2 Transversal", "4.2 Transversal", "{9BB6C7F4-8BFD-481C-AAC0-833480A51ADA}"
EndProject
Project("{FAE04EC0-301F-11D3-BF4B-00C04F79EFBC}") = "Aplicacion.Contratos", "Aplicacion.Contratos\Aplicacion.Contratos.csproj", "{CEF2C614-FD2D-4588-8341-E00EDF9BF51C}"
EndProject
Project("{FAE04EC0-301F-11D3-BF4B-00C04F79EFBC}") = "Aplicacion.Core", "Aplicacion.Core\Aplicacion.Core.csproj", "{43BE7802-E0EC-4356-979B-0CCE7C34B5EA}"
EndProject
Project("{FAE04EC0-301F-11D3-BF4B-00C04F79EFBC}") = "Aplicacion.Implementacion", "Aplicacion.Implementacion\Aplicacion.Implementacion.csproj", "{1CC5C1CF-46CC-494D-B084-2099EB45BC78}"
EndProject
Project("{FAE04EC0-301F-11D3-BF4B-00C04F79EFBC}") = "Dominio.Contratos", "Dominio.Contratos\Dominio.Contratos.csproj", "{1FA359DE-E09A-4DF2-B164-F6AD6B2AEB87}"
EndProject
Project("{FAE04EC0-301F-11D3-BF4B-00C04F79EFBC}") = "Dominio.Core", "Dominio.Core\Dominio.Core.csproj", "{C4A3F04C-C912-401C-A23B-9D86267B5A7F}"
EndProject
Project("{FAE04EC0-301F-11D3-BF4B-00C04F79EFBC}") = "Datos.Persistencia.Core", "Datos.Persistencia.Core\Datos.Persistencia.Core.csproj", "{7DCD39B8-DFCA-4B2F-BD6C-A653010AF1D8}"
EndProject
Project("{FAE04EC0-301F-11D3-BF4B-00C04F79EFBC}") = "Datos.Persistencia.Repositorios", "Datos.Persistencia.Repositorios\Datos.Persistencia.Repositorios.csproj", "{C5719E1C-F259-4194-948A-89821242C2A6}"
EndProject
Project("{FAE04EC0-301F-11D3-BF4B-00C04F79EFBC}") = "Datos.Persistencia.Implementacion", "Datos.Persistencia.Implementacion\Datos.Persistencia.Implementacion.csproj", "{A0E358BD-C002-46D2-8336-55A987ADEA83}"
EndProject
Project("{FAE04EC0-301F-11D3-BF4B-00C04F79EFBC}") = "Utilitarios.IoC", "Utilitarios.IoC\Utilitarios.IoC.csproj", "{6801196D-DDFC-4518-9383-C5C16A578AC6}"
EndProject
Global
	GlobalSection(SolutionConfigurationPlatforms) = preSolution
		Debug|Any CPU = Debug|Any CPU
		Release|Any CPU = Release|Any CPU
	EndGlobalSection
	GlobalSection(ProjectConfigurationPlatforms) = postSolution
		{1880F79C-45FB-4FF1-B6EA-7F8AE9298398}.Debug|Any CPU.ActiveCfg = Debug|Any CPU
		{1880F79C-45FB-4FF1-B6EA-7F8AE9298398}.Debug|Any CPU.Build.0 = Debug|Any CPU
		{1880F79C-45FB-4FF1-B6EA-7F8AE9298398}.Release|Any CPU.ActiveCfg = Release|Any CPU
		{1880F79C-45FB-4FF1-B6EA-7F8AE9298398}.Release|Any CPU.Build.0 = Release|Any CPU
		{CEF2C614-FD2D-4588-8341-E00EDF9BF51C}.Debug|Any CPU.ActiveCfg = Debug|Any CPU
		{CEF2C614-FD2D-4588-8341-E00EDF9BF51C}.Debug|Any CPU.Build.0 = Debug|Any CPU
		{CEF2C614-FD2D-4588-8341-E00EDF9BF51C}.Release|Any CPU.ActiveCfg = Release|Any CPU
		{CEF2C614-FD2D-4588-8341-E00EDF9BF51C}.Release|Any CPU.Build.0 = Release|Any CPU
		{43BE7802-E0EC-4356-979B-0CCE7C34B5EA}.Debug|Any CPU.ActiveCfg = Debug|Any CPU
		{43BE7802-E0EC-4356-979B-0CCE7C34B5EA}.Debug|Any CPU.Build.0 = Debug|Any CPU
		{43BE7802-E0EC-4356-979B-0CCE7C34B5EA}.Release|Any CPU.ActiveCfg = Release|Any CPU
		{43BE7802-E0EC-4356-979B-0CCE7C34B5EA}.Release|Any CPU.Build.0 = Release|Any CPU
		{1CC5C1CF-46CC-494D-B084-2099EB45BC78}.Debug|Any CPU.ActiveCfg = Debug|Any CPU
		{1CC5C1CF-46CC-494D-B084-2099EB45BC78}.Debug|Any CPU.Build.0 = Debug|Any CPU
		{1CC5C1CF-46CC-494D-B084-2099EB45BC78}.Release|Any CPU.ActiveCfg = Release|Any CPU
		{1CC5C1CF-46CC-494D-B084-2099EB45BC78}.Release|Any CPU.Build.0 = Release|Any CPU
		{1FA359DE-E09A-4DF2-B164-F6AD6B2AEB87}.Debug|Any CPU.ActiveCfg = Debug|Any CPU
		{1FA359DE-E09A-4DF2-B164-F6AD6B2AEB87}.Debug|Any CPU.Build.0 = Debug|Any CPU
		{1FA359DE-E09A-4DF2-B164-F6AD6B2AEB87}.Release|Any CPU.ActiveCfg = Release|Any CPU
		{1FA359DE-E09A-4DF2-B164-F6AD6B2AEB87}.Release|Any CPU.Build.0 = Release|Any CPU
		{C4A3F04C-C912-401C-A23B-9D86267B5A7F}.Debug|Any CPU.ActiveCfg = Debug|Any CPU
		{C4A3F04C-C912-401C-A23B-9D86267B5A7F}.Debug|Any CPU.Build.0 = Debug|Any CPU
		{C4A3F04C-C912-401C-A23B-9D86267B5A7F}.Release|Any CPU.ActiveCfg = Release|Any CPU
		{C4A3F04C-C912-401C-A23B-9D86267B5A7F}.Release|Any CPU.Build.0 = Release|Any CPU
		{7DCD39B8-DFCA-4B2F-BD6C-A653010AF1D8}.Debug|Any CPU.ActiveCfg = Debug|Any CPU
		{7DCD39B8-DFCA-4B2F-BD6C-A653010AF1D8}.Debug|Any CPU.Build.0 = Debug|Any CPU
		{7DCD39B8-DFCA-4B2F-BD6C-A653010AF1D8}.Release|Any CPU.ActiveCfg = Release|Any CPU
		{7DCD39B8-DFCA-4B2F-BD6C-A653010AF1D8}.Release|Any CPU.Build.0 = Release|Any CPU
		{C5719E1C-F259-4194-948A-89821242C2A6}.Debug|Any CPU.ActiveCfg = Debug|Any CPU
		{C5719E1C-F259-4194-948A-89821242C2A6}.Debug|Any CPU.Build.0 = Debug|Any CPU
		{C5719E1C-F259-4194-948A-89821242C2A6}.Release|Any CPU.ActiveCfg = Release|Any CPU
		{C5719E1C-F259-4194-948A-89821242C2A6}.Release|Any CPU.Build.0 = Release|Any CPU
		{A0E358BD-C002-46D2-8336-55A987ADEA83}.Debug|Any CPU.ActiveCfg = Debug|Any CPU
		{A0E358BD-C002-46D2-8336-55A987ADEA83}.Debug|Any CPU.Build.0 = Debug|Any CPU
		{A0E358BD-C002-46D2-8336-55A987ADEA83}.Release|Any CPU.ActiveCfg = Release|Any CPU
		{A0E358BD-C002-46D2-8336-55A987ADEA83}.Release|Any CPU.Build.0 = Release|Any CPU
		{6801196D-DDFC-4518-9383-C5C16A578AC6}.Debug|Any CPU.ActiveCfg = Debug|Any CPU
		{6801196D-DDFC-4518-9383-C5C16A578AC6}.Debug|Any CPU.Build.0 = Debug|Any CPU
		{6801196D-DDFC-4518-9383-C5C16A578AC6}.Release|Any CPU.ActiveCfg = Release|Any CPU
		{6801196D-DDFC-4518-9383-C5C16A578AC6}.Release|Any CPU.Build.0 = Release|Any CPU
	EndGlobalSection
	GlobalSection(SolutionProperties) = preSolution
		HideSolutionNode = FALSE
	EndGlobalSection
	GlobalSection(NestedProjects) = preSolution
		{1880F79C-45FB-4FF1-B6EA-7F8AE9298398} = {6B18B8CB-0D87-40F1-B66D-006C1B1CD293}
		{AFC7FF9C-B474-4BE0-BA3B-C958C29EDAFA} = {AD013DDF-52CE-47FF-8C48-145416E92EE1}
		{9BB6C7F4-8BFD-481C-AAC0-833480A51ADA} = {AD013DDF-52CE-47FF-8C48-145416E92EE1}
		{CEF2C614-FD2D-4588-8341-E00EDF9BF51C} = {3D046F8D-EFD9-4E23-9233-A2DD45FBFEDC}
		{43BE7802-E0EC-4356-979B-0CCE7C34B5EA} = {3D046F8D-EFD9-4E23-9233-A2DD45FBFEDC}
		{1CC5C1CF-46CC-494D-B084-2099EB45BC78} = {3D046F8D-EFD9-4E23-9233-A2DD45FBFEDC}
		{1FA359DE-E09A-4DF2-B164-F6AD6B2AEB87} = {C1913D24-67D3-4795-8ACD-144B1FDD975A}
		{C4A3F04C-C912-401C-A23B-9D86267B5A7F} = {C1913D24-67D3-4795-8ACD-144B1FDD975A}
		{7DCD39B8-DFCA-4B2F-BD6C-A653010AF1D8} = {AFC7FF9C-B474-4BE0-BA3B-C958C29EDAFA}
		{C5719E1C-F259-4194-948A-89821242C2A6} = {AFC7FF9C-B474-4BE0-BA3B-C958C29EDAFA}
		{A0E358BD-C002-46D2-8336-55A987ADEA83} = {AFC7FF9C-B474-4BE0-BA3B-C958C29EDAFA}
		{6801196D-DDFC-4518-9383-C5C16A578AC6} = {9BB6C7F4-8BFD-481C-AAC0-833480A51ADA}
	EndGlobalSection
	GlobalSection(ExtensibilityGlobals) = postSolution
		SolutionGuid = {BE93BD5E-2727-4A24-8B48-25139C6A3740}
	EndGlobalSection
EndGlobal
